
Microsoft Visual Studio Solution File, Format Version 12.00
# Visual Studio Version 17
VisualStudioVersion = 17.3.32929.385
MinimumVisualStudioVersion = 10.0.40219.1
Project("{FAE04EC0-301F-11D3-BF4B-00C04F79EFBC}") = "FizzBuzz", "FizzBuzz\FizzBuzz.csproj", "{B9DFD45A-0F91-402F-996D-6C9B13F0B5BD}"
EndProject
Global
	GlobalSection(SolutionConfigurationPlatforms) = preSolution
		Debug|Any CPU = Debug|Any CPU
		Release|Any CPU = Release|Any CPU
	EndGlobalSection
	GlobalSection(ProjectConfigurationPlatforms) = postSolution
		{B9DFD45A-0F91-402F-996D-6C9B13F0B5BD}.Debug|Any CPU.ActiveCfg = Debug|Any CPU
		{B9DFD45A-0F91-402F-996D-6C9B13F0B5BD}.Debug|Any CPU.Build.0 = Debug|Any CPU
		{B9DFD45A-0F91-402F-996D-6C9B13F0B5BD}.Release|Any CPU.ActiveCfg = Release|Any CPU
		{B9DFD45A-0F91-402F-996D-6C9B13F0B5BD}.Release|Any CPU.Build.0 = Release|Any CPU
	EndGlobalSection
	GlobalSection(SolutionProperties) = preSolution
		HideSolutionNode = FALSE
	EndGlobalSection
	GlobalSection(ExtensibilityGlobals) = postSolution
		SolutionGuid = {3173AC36-3390-4E73-8B54-797F5968D8DB}
	EndGlobalSection
EndGlobal
